
Microsoft Visual Studio Solution File, Format Version 12.00
# Visual Studio 15
VisualStudioVersion = 15.0.28307.168
MinimumVisualStudioVersion = 10.0.40219.1
Project("{FAE04EC0-301F-11D3-BF4B-00C04F79EFBC}") = "CookingBookApp.Android", "CookingBookApp\CookingBookApp.Android\CookingBookApp.Android.csproj", "{24CE3C36-16B9-426D-AA0C-5961ECF8D88C}"
EndProject
Project("{FAE04EC0-301F-11D3-BF4B-00C04F79EFBC}") = "CookingBookApp.iOS", "CookingBookApp\CookingBookApp.iOS\CookingBookApp.iOS.csproj", "{0DEB1625-698C-4DBD-8EEB-4620428FBE35}"
EndProject
Project("{FAE04EC0-301F-11D3-BF4B-00C04F79EFBC}") = "CookingBookApp.UWP", "CookingBookApp\CookingBookApp.UWP\CookingBookApp.UWP.csproj", "{BF0CF3FF-8A93-4F61-B1F7-A605A9C7DDBC}"
EndProject
Project("{9A19103F-16F7-4668-BE54-9A1E7A4F7556}") = "CookingBookApp", "CookingBookApp\CookingBookApp\CookingBookApp.csproj", "{25A8501F-2727-4CDC-BB0F-A11B6D52CD92}"
EndProject
Project("{FAE04EC0-301F-11D3-BF4B-00C04F79EFBC}") = "CookingLib", "..\CookingBook\CookingLib\CookingLib.csproj", "{01552816-E4F0-4602-A467-B4011DDAA11F}"
EndProject
Global
	GlobalSection(SolutionConfigurationPlatforms) = preSolution
		Debug|Any CPU = Debug|Any CPU
		Debug|ARM = Debug|ARM
		Debug|iPhone = Debug|iPhone
		Debug|iPhoneSimulator = Debug|iPhoneSimulator
		Debug|x64 = Debug|x64
		Debug|x86 = Debug|x86
		Release|Any CPU = Release|Any CPU
		Release|ARM = Release|ARM
		Release|iPhone = Release|iPhone
		Release|iPhoneSimulator = Release|iPhoneSimulator
		Release|x64 = Release|x64
		Release|x86 = Release|x86
	EndGlobalSection
	GlobalSection(ProjectConfigurationPlatforms) = postSolution
		{24CE3C36-16B9-426D-AA0C-5961ECF8D88C}.Debug|Any CPU.ActiveCfg = Debug|Any CPU
		{24CE3C36-16B9-426D-AA0C-5961ECF8D88C}.Debug|Any CPU.Build.0 = Debug|Any CPU
		{24CE3C36-16B9-426D-AA0C-5961ECF8D88C}.Debug|Any CPU.Deploy.0 = Debug|Any CPU
		{24CE3C36-16B9-426D-AA0C-5961ECF8D88C}.Debug|ARM.ActiveCfg = Debug|Any CPU
		{24CE3C36-16B9-426D-AA0C-5961ECF8D88C}.Debug|ARM.Build.0 = Debug|Any CPU
		{24CE3C36-16B9-426D-AA0C-5961ECF8D88C}.Debug|ARM.Deploy.0 = Debug|Any CPU
		{24CE3C36-16B9-426D-AA0C-5961ECF8D88C}.Debug|iPhone.ActiveCfg = Debug|Any CPU
		{24CE3C36-16B9-426D-AA0C-5961ECF8D88C}.Debug|iPhone.Build.0 = Debug|Any CPU
		{24CE3C36-16B9-426D-AA0C-5961ECF8D88C}.Debug|iPhone.Deploy.0 = Debug|Any CPU
		{24CE3C36-16B9-426D-AA0C-5961ECF8D88C}.Debug|iPhoneSimulator.ActiveCfg = Debug|Any CPU
		{24CE3C36-16B9-426D-AA0C-5961ECF8D88C}.Debug|iPhoneSimulator.Build.0 = Debug|Any CPU
		{24CE3C36-16B9-426D-AA0C-5961ECF8D88C}.Debug|iPhoneSimulator.Deploy.0 = Debug|Any CPU
		{24CE3C36-16B9-426D-AA0C-5961ECF8D88C}.Debug|x64.ActiveCfg = Debug|Any CPU
		{24CE3C36-16B9-426D-AA0C-5961ECF8D88C}.Debug|x64.Build.0 = Debug|Any CPU
		{24CE3C36-16B9-426D-AA0C-5961ECF8D88C}.Debug|x64.Deploy.0 = Debug|Any CPU
		{24CE3C36-16B9-426D-AA0C-5961ECF8D88C}.Debug|x86.ActiveCfg = Debug|Any CPU
		{24CE3C36-16B9-426D-AA0C-5961ECF8D88C}.Debug|x86.Build.0 = Debug|Any CPU
		{24CE3C36-16B9-426D-AA0C-5961ECF8D88C}.Debug|x86.Deploy.0 = Debug|Any CPU
		{24CE3C36-16B9-426D-AA0C-5961ECF8D88C}.Release|Any CPU.ActiveCfg = Release|Any CPU
		{24CE3C36-16B9-426D-AA0C-5961ECF8D88C}.Release|Any CPU.Build.0 = Release|Any CPU
		{24CE3C36-16B9-426D-AA0C-5961ECF8D88C}.Release|Any CPU.Deploy.0 = Release|Any CPU
		{24CE3C36-16B9-426D-AA0C-5961ECF8D88C}.Release|ARM.ActiveCfg = Release|Any CPU
		{24CE3C36-16B9-426D-AA0C-5961ECF8D88C}.Release|ARM.Build.0 = Release|Any CPU
		{24CE3C36-16B9-426D-AA0C-5961ECF8D88C}.Release|ARM.Deploy.0 = Release|Any CPU
		{24CE3C36-16B9-426D-AA0C-5961ECF8D88C}.Release|iPhone.ActiveCfg = Release|Any CPU
		{24CE3C36-16B9-426D-AA0C-5961ECF8D88C}.Release|iPhone.Build.0 = Release|Any CPU
		{24CE3C36-16B9-426D-AA0C-5961ECF8D88C}.Release|iPhone.Deploy.0 = Release|Any CPU
		{24CE3C36-16B9-426D-AA0C-5961ECF8D88C}.Release|iPhoneSimulator.ActiveCfg = Release|Any CPU
		{24CE3C36-16B9-426D-AA0C-5961ECF8D88C}.Release|iPhoneSimulator.Build.0 = Release|Any CPU
		{24CE3C36-16B9-426D-AA0C-5961ECF8D88C}.Release|iPhoneSimulator.Deploy.0 = Release|Any CPU
		{24CE3C36-16B9-426D-AA0C-5961ECF8D88C}.Release|x64.ActiveCfg = Release|Any CPU
		{24CE3C36-16B9-426D-AA0C-5961ECF8D88C}.Release|x64.Build.0 = Release|Any CPU
		{24CE3C36-16B9-426D-AA0C-5961ECF8D88C}.Release|x64.Deploy.0 = Release|Any CPU
		{24CE3C36-16B9-426D-AA0C-5961ECF8D88C}.Release|x86.ActiveCfg = Release|Any CPU
		{24CE3C36-16B9-426D-AA0C-5961ECF8D88C}.Release|x86.Build.0 = Release|Any CPU
		{24CE3C36-16B9-426D-AA0C-5961ECF8D88C}.Release|x86.Deploy.0 = Release|Any CPU
		{0DEB1625-698C-4DBD-8EEB-4620428FBE35}.Debug|Any CPU.ActiveCfg = Debug|iPhoneSimulator
		{0DEB1625-698C-4DBD-8EEB-4620428FBE35}.Debug|Any CPU.Build.0 = Debug|iPhoneSimulator
		{0DEB1625-698C-4DBD-8EEB-4620428FBE35}.Debug|Any CPU.Deploy.0 = Debug|iPhoneSimulator
		{0DEB1625-698C-4DBD-8EEB-4620428FBE35}.Debug|ARM.ActiveCfg = Debug|iPhone
		{0DEB1625-698C-4DBD-8EEB-4620428FBE35}.Debug|ARM.Build.0 = Debug|iPhone
		{0DEB1625-698C-4DBD-8EEB-4620428FBE35}.Debug|ARM.Deploy.0 = Debug|iPhone
		{0DEB1625-698C-4DBD-8EEB-4620428FBE35}.Debug|iPhone.ActiveCfg = Debug|iPhone
		{0DEB1625-698C-4DBD-8EEB-4620428FBE35}.Debug|iPhone.Build.0 = Debug|iPhone
		{0DEB1625-698C-4DBD-8EEB-4620428FBE35}.Debug|iPhone.Deploy.0 = Debug|iPhone
		{0DEB1625-698C-4DBD-8EEB-4620428FBE35}.Debug|iPhoneSimulator.ActiveCfg = Debug|iPhoneSimulator
		{0DEB1625-698C-4DBD-8EEB-4620428FBE35}.Debug|iPhoneSimulator.Build.0 = Debug|iPhoneSimulator
		{0DEB1625-698C-4DBD-8EEB-4620428FBE35}.Debug|iPhoneSimulator.Deploy.0 = Debug|iPhoneSimulator
		{0DEB1625-698C-4DBD-8EEB-4620428FBE35}.Debug|x64.ActiveCfg = Debug|iPhone
		{0DEB1625-698C-4DBD-8EEB-4620428FBE35}.Debug|x64.Build.0 = Debug|iPhone
		{0DEB1625-698C-4DBD-8EEB-4620428FBE35}.Debug|x64.Deploy.0 = Debug|iPhone
		{0DEB1625-698C-4DBD-8EEB-4620428FBE35}.Debug|x86.ActiveCfg = Debug|iPhone
		{0DEB1625-698C-4DBD-8EEB-4620428FBE35}.Debug|x86.Build.0 = Debug|iPhone
		{0DEB1625-698C-4DBD-8EEB-4620428FBE35}.Debug|x86.Deploy.0 = Debug|iPhone
		{0DEB1625-698C-4DBD-8EEB-4620428FBE35}.Release|Any CPU.ActiveCfg = Release|iPhone
		{0DEB1625-698C-4DBD-8EEB-4620428FBE35}.Release|Any CPU.Build.0 = Release|iPhone
		{0DEB1625-698C-4DBD-8EEB-4620428FBE35}.Release|Any CPU.Deploy.0 = Release|iPhone
		{0DEB1625-698C-4DBD-8EEB-4620428FBE35}.Release|ARM.ActiveCfg = Release|iPhone
		{0DEB1625-698C-4DBD-8EEB-4620428FBE35}.Release|ARM.Build.0 = Release|iPhone
		{0DEB1625-698C-4DBD-8EEB-4620428FBE35}.Release|ARM.Deploy.0 = Release|iPhone
		{0DEB1625-698C-4DBD-8EEB-4620428FBE35}.Release|iPhone.ActiveCfg = Release|iPhone
		{0DEB1625-698C-4DBD-8EEB-4620428FBE35}.Release|iPhone.Build.0 = Release|iPhone
		{0DEB1625-698C-4DBD-8EEB-4620428FBE35}.Release|iPhone.Deploy.0 = Release|iPhone
		{0DEB1625-698C-4DBD-8EEB-4620428FBE35}.Release|iPhoneSimulator.ActiveCfg = Release|iPhoneSimulator
		{0DEB1625-698C-4DBD-8EEB-4620428FBE35}.Release|iPhoneSimulator.Build.0 = Release|iPhoneSimulator
		{0DEB1625-698C-4DBD-8EEB-4620428FBE35}.Release|iPhoneSimulator.Deploy.0 = Release|iPhoneSimulator
		{0DEB1625-698C-4DBD-8EEB-4620428FBE35}.Release|x64.ActiveCfg = Release|iPhone
		{0DEB1625-698C-4DBD-8EEB-4620428FBE35}.Release|x64.Build.0 = Release|iPhone
		{0DEB1625-698C-4DBD-8EEB-4620428FBE35}.Release|x64.Deploy.0 = Release|iPhone
		{0DEB1625-698C-4DBD-8EEB-4620428FBE35}.Release|x86.ActiveCfg = Release|iPhone
		{0DEB1625-698C-4DBD-8EEB-4620428FBE35}.Release|x86.Build.0 = Release|iPhone
		{0DEB1625-698C-4DBD-8EEB-4620428FBE35}.Release|x86.Deploy.0 = Release|iPhone
		{BF0CF3FF-8A93-4F61-B1F7-A605A9C7DDBC}.Debug|Any CPU.ActiveCfg = Debug|x86
		{BF0CF3FF-8A93-4F61-B1F7-A605A9C7DDBC}.Debug|Any CPU.Build.0 = Debug|x86
		{BF0CF3FF-8A93-4F61-B1F7-A605A9C7DDBC}.Debug|Any CPU.Deploy.0 = Debug|x86
		{BF0CF3FF-8A93-4F61-B1F7-A605A9C7DDBC}.Debug|ARM.ActiveCfg = Debug|ARM
		{BF0CF3FF-8A93-4F61-B1F7-A605A9C7DDBC}.Debug|ARM.Build.0 = Debug|ARM
		{BF0CF3FF-8A93-4F61-B1F7-A605A9C7DDBC}.Debug|ARM.Deploy.0 = Debug|ARM
		{BF0CF3FF-8A93-4F61-B1F7-A605A9C7DDBC}.Debug|iPhone.ActiveCfg = Debug|x86
		{BF0CF3FF-8A93-4F61-B1F7-A605A9C7DDBC}.Debug|iPhone.Build.0 = Debug|x86
		{BF0CF3FF-8A93-4F61-B1F7-A605A9C7DDBC}.Debug|iPhone.Deploy.0 = Debug|x86
		{BF0CF3FF-8A93-4F61-B1F7-A605A9C7DDBC}.Debug|iPhoneSimulator.ActiveCfg = Debug|x86
		{BF0CF3FF-8A93-4F61-B1F7-A605A9C7DDBC}.Debug|iPhoneSimulator.Build.0 = Debug|x86
		{BF0CF3FF-8A93-4F61-B1F7-A605A9C7DDBC}.Debug|iPhoneSimulator.Deploy.0 = Debug|x86
		{BF0CF3FF-8A93-4F61-B1F7-A605A9C7DDBC}.Debug|x64.ActiveCfg = Debug|x64
		{BF0CF3FF-8A93-4F61-B1F7-A605A9C7DDBC}.Debug|x64.Build.0 = Debug|x64
		{BF0CF3FF-8A93-4F61-B1F7-A605A9C7DDBC}.Debug|x64.Deploy.0 = Debug|x64
		{BF0CF3FF-8A93-4F61-B1F7-A605A9C7DDBC}.Debug|x86.ActiveCfg = Debug|x86
		{BF0CF3FF-8A93-4F61-B1F7-A605A9C7DDBC}.Debug|x86.Build.0 = Debug|x86
		{BF0CF3FF-8A93-4F61-B1F7-A605A9C7DDBC}.Debug|x86.Deploy.0 = Debug|x86
		{BF0CF3FF-8A93-4F61-B1F7-A605A9C7DDBC}.Release|Any CPU.ActiveCfg = Release|x86
		{BF0CF3FF-8A93-4F61-B1F7-A605A9C7DDBC}.Release|Any CPU.Build.0 = Release|x86
		{BF0CF3FF-8A93-4F61-B1F7-A605A9C7DDBC}.Release|Any CPU.Deploy.0 = Release|x86
		{BF0CF3FF-8A93-4F61-B1F7-A605A9C7DDBC}.Release|ARM.ActiveCfg = Release|ARM
		{BF0CF3FF-8A93-4F61-B1F7-A605A9C7DDBC}.Release|ARM.Build.0 = Release|ARM
		{BF0CF3FF-8A93-4F61-B1F7-A605A9C7DDBC}.Release|ARM.Deploy.0 = Release|ARM
		{BF0CF3FF-8A93-4F61-B1F7-A605A9C7DDBC}.Release|iPhone.ActiveCfg = Release|x86
		{BF0CF3FF-8A93-4F61-B1F7-A605A9C7DDBC}.Release|iPhone.Build.0 = Release|x86
		{BF0CF3FF-8A93-4F61-B1F7-A605A9C7DDBC}.Release|iPhone.Deploy.0 = Release|x86
		{BF0CF3FF-8A93-4F61-B1F7-A605A9C7DDBC}.Release|iPhoneSimulator.ActiveCfg = Release|x86
		{BF0CF3FF-8A93-4F61-B1F7-A605A9C7DDBC}.Release|iPhoneSimulator.Build.0 = Release|x86
		{BF0CF3FF-8A93-4F61-B1F7-A605A9C7DDBC}.Release|iPhoneSimulator.Deploy.0 = Release|x86
		{BF0CF3FF-8A93-4F61-B1F7-A605A9C7DDBC}.Release|x64.ActiveCfg = Release|x64
		{BF0CF3FF-8A93-4F61-B1F7-A605A9C7DDBC}.Release|x64.Build.0 = Release|x64
		{BF0CF3FF-8A93-4F61-B1F7-A605A9C7DDBC}.Release|x64.Deploy.0 = Release|x64
		{BF0CF3FF-8A93-4F61-B1F7-A605A9C7DDBC}.Release|x86.ActiveCfg = Release|x86
		{BF0CF3FF-8A93-4F61-B1F7-A605A9C7DDBC}.Release|x86.Build.0 = Release|x86
		{BF0CF3FF-8A93-4F61-B1F7-A605A9C7DDBC}.Release|x86.Deploy.0 = Release|x86
		{25A8501F-2727-4CDC-BB0F-A11B6D52CD92}.Debug|Any CPU.ActiveCfg = Debug|Any CPU
		{25A8501F-2727-4CDC-BB0F-A11B6D52CD92}.Debug|Any CPU.Build.0 = Debug|Any CPU
		{25A8501F-2727-4CDC-BB0F-A11B6D52CD92}.Debug|Any CPU.Deploy.0 = Debug|Any CPU
		{25A8501F-2727-4CDC-BB0F-A11B6D52CD92}.Debug|ARM.ActiveCfg = Debug|Any CPU
		{25A8501F-2727-4CDC-BB0F-A11B6D52CD92}.Debug|ARM.Build.0 = Debug|Any CPU
		{25A8501F-2727-4CDC-BB0F-A11B6D52CD92}.Debug|ARM.Deploy.0 = Debug|Any CPU
		{25A8501F-2727-4CDC-BB0F-A11B6D52CD92}.Debug|iPhone.ActiveCfg = Debug|Any CPU
		{25A8501F-2727-4CDC-BB0F-A11B6D52CD92}.Debug|iPhone.Build.0 = Debug|Any CPU
		{25A8501F-2727-4CDC-BB0F-A11B6D52CD92}.Debug|iPhone.Deploy.0 = Debug|Any CPU
		{25A8501F-2727-4CDC-BB0F-A11B6D52CD92}.Debug|iPhoneSimulator.ActiveCfg = Debug|Any CPU
		{25A8501F-2727-4CDC-BB0F-A11B6D52CD92}.Debug|iPhoneSimulator.Build.0 = Debug|Any CPU
		{25A8501F-2727-4CDC-BB0F-A11B6D52CD92}.Debug|iPhoneSimulator.Deploy.0 = Debug|Any CPU
		{25A8501F-2727-4CDC-BB0F-A11B6D52CD92}.Debug|x64.ActiveCfg = Debug|Any CPU
		{25A8501F-2727-4CDC-BB0F-A11B6D52CD92}.Debug|x64.Build.0 = Debug|Any CPU
		{25A8501F-2727-4CDC-BB0F-A11B6D52CD92}.Debug|x64.Deploy.0 = Debug|Any CPU
		{25A8501F-2727-4CDC-BB0F-A11B6D52CD92}.Debug|x86.ActiveCfg = Debug|Any CPU
		{25A8501F-2727-4CDC-BB0F-A11B6D52CD92}.Debug|x86.Build.0 = Debug|Any CPU
		{25A8501F-2727-4CDC-BB0F-A11B6D52CD92}.Debug|x86.Deploy.0 = Debug|Any CPU
		{25A8501F-2727-4CDC-BB0F-A11B6D52CD92}.Release|Any CPU.ActiveCfg = Release|Any CPU
		{25A8501F-2727-4CDC-BB0F-A11B6D52CD92}.Release|Any CPU.Build.0 = Release|Any CPU
		{25A8501F-2727-4CDC-BB0F-A11B6D52CD92}.Release|Any CPU.Deploy.0 = Release|Any CPU
		{25A8501F-2727-4CDC-BB0F-A11B6D52CD92}.Release|ARM.ActiveCfg = Release|Any CPU
		{25A8501F-2727-4CDC-BB0F-A11B6D52CD92}.Release|ARM.Build.0 = Release|Any CPU
		{25A8501F-2727-4CDC-BB0F-A11B6D52CD92}.Release|ARM.Deploy.0 = Release|Any CPU
		{25A8501F-2727-4CDC-BB0F-A11B6D52CD92}.Release|iPhone.ActiveCfg = Release|Any CPU
		{25A8501F-2727-4CDC-BB0F-A11B6D52CD92}.Release|iPhone.Build.0 = Release|Any CPU
		{25A8501F-2727-4CDC-BB0F-A11B6D52CD92}.Release|iPhone.Deploy.0 = Release|Any CPU
		{25A8501F-2727-4CDC-BB0F-A11B6D52CD92}.Release|iPhoneSimulator.ActiveCfg = Release|Any CPU
		{25A8501F-2727-4CDC-BB0F-A11B6D52CD92}.Release|iPhoneSimulator.Build.0 = Release|Any CPU
		{25A8501F-2727-4CDC-BB0F-A11B6D52CD92}.Release|iPhoneSimulator.Deploy.0 = Release|Any CPU
		{25A8501F-2727-4CDC-BB0F-A11B6D52CD92}.Release|x64.ActiveCfg = Release|Any CPU
		{25A8501F-2727-4CDC-BB0F-A11B6D52CD92}.Release|x64.Build.0 = Release|Any CPU
		{25A8501F-2727-4CDC-BB0F-A11B6D52CD92}.Release|x64.Deploy.0 = Release|Any CPU
		{25A8501F-2727-4CDC-BB0F-A11B6D52CD92}.Release|x86.ActiveCfg = Release|Any CPU
		{25A8501F-2727-4CDC-BB0F-A11B6D52CD92}.Release|x86.Build.0 = Release|Any CPU
		{25A8501F-2727-4CDC-BB0F-A11B6D52CD92}.Release|x86.Deploy.0 = Release|Any CPU
		{01552816-E4F0-4602-A467-B4011DDAA11F}.Debug|Any CPU.ActiveCfg = Debug|Any CPU
		{01552816-E4F0-4602-A467-B4011DDAA11F}.Debug|Any CPU.Build.0 = Debug|Any CPU
		{01552816-E4F0-4602-A467-B4011DDAA11F}.Debug|ARM.ActiveCfg = Debug|Any CPU
		{01552816-E4F0-4602-A467-B4011DDAA11F}.Debug|ARM.Build.0 = Debug|Any CPU
		{01552816-E4F0-4602-A467-B4011DDAA11F}.Debug|iPhone.ActiveCfg = Debug|Any CPU
		{01552816-E4F0-4602-A467-B4011DDAA11F}.Debug|iPhone.Build.0 = Debug|Any CPU
		{01552816-E4F0-4602-A467-B4011DDAA11F}.Debug|iPhoneSimulator.ActiveCfg = Debug|Any CPU
		{01552816-E4F0-4602-A467-B4011DDAA11F}.Debug|iPhoneSimulator.Build.0 = Debug|Any CPU
		{01552816-E4F0-4602-A467-B4011DDAA11F}.Debug|x64.ActiveCfg = Debug|Any CPU
		{01552816-E4F0-4602-A467-B4011DDAA11F}.Debug|x64.Build.0 = Debug|Any CPU
		{01552816-E4F0-4602-A467-B4011DDAA11F}.Debug|x86.ActiveCfg = Debug|Any CPU
		{01552816-E4F0-4602-A467-B4011DDAA11F}.Debug|x86.Build.0 = Debug|Any CPU
		{01552816-E4F0-4602-A467-B4011DDAA11F}.Release|Any CPU.ActiveCfg = Release|Any CPU
		{01552816-E4F0-4602-A467-B4011DDAA11F}.Release|Any CPU.Build.0 = Release|Any CPU
		{01552816-E4F0-4602-A467-B4011DDAA11F}.Release|ARM.ActiveCfg = Release|Any CPU
		{01552816-E4F0-4602-A467-B4011DDAA11F}.Release|ARM.Build.0 = Release|Any CPU
		{01552816-E4F0-4602-A467-B4011DDAA11F}.Release|iPhone.ActiveCfg = Release|Any CPU
		{01552816-E4F0-4602-A467-B4011DDAA11F}.Release|iPhone.Build.0 = Release|Any CPU
		{01552816-E4F0-4602-A467-B4011DDAA11F}.Release|iPhoneSimulator.ActiveCfg = Release|Any CPU
		{01552816-E4F0-4602-A467-B4011DDAA11F}.Release|iPhoneSimulator.Build.0 = Release|Any CPU
		{01552816-E4F0-4602-A467-B4011DDAA11F}.Release|x64.ActiveCfg = Release|Any CPU
		{01552816-E4F0-4602-A467-B4011DDAA11F}.Release|x64.Build.0 = Release|Any CPU
		{01552816-E4F0-4602-A467-B4011DDAA11F}.Release|x86.ActiveCfg = Release|Any CPU
		{01552816-E4F0-4602-A467-B4011DDAA11F}.Release|x86.Build.0 = Release|Any CPU
	EndGlobalSection
	GlobalSection(SolutionProperties) = preSolution
		HideSolutionNode = FALSE
	EndGlobalSection
	GlobalSection(ExtensibilityGlobals) = postSolution
		SolutionGuid = {56337372-EDC7-4CD8-BA7C-60D000D13305}
	EndGlobalSection
EndGlobal
