
Microsoft Visual Studio Solution File, Format Version 12.00
# Visual Studio 15
VisualStudioVersion = 15.0.27703.2047
MinimumVisualStudioVersion = 10.0.40219.1
Project("{FAE04EC0-301F-11D3-BF4B-00C04F79EFBC}") = "CookingLib", "CookingLib\CookingLib.csproj", "{01552816-E4F0-4602-A467-B4011DDAA11F}"
EndProject
Project("{FAE04EC0-301F-11D3-BF4B-00C04F79EFBC}") = "CookingBook", "CookingBook\CookingBook.csproj", "{D5C6E130-9221-4E15-9FBC-DBCBFD6212D0}"
EndProject
Global
	GlobalSection(SolutionConfigurationPlatforms) = preSolution
		Debug|Any CPU = Debug|Any CPU
		Release|Any CPU = Release|Any CPU
	EndGlobalSection
	GlobalSection(ProjectConfigurationPlatforms) = postSolution
		{01552816-E4F0-4602-A467-B4011DDAA11F}.Debug|Any CPU.ActiveCfg = Debug|Any CPU
		{01552816-E4F0-4602-A467-B4011DDAA11F}.Debug|Any CPU.Build.0 = Debug|Any CPU
		{01552816-E4F0-4602-A467-B4011DDAA11F}.Release|Any CPU.ActiveCfg = Release|Any CPU
		{01552816-E4F0-4602-A467-B4011DDAA11F}.Release|Any CPU.Build.0 = Release|Any CPU
		{D5C6E130-9221-4E15-9FBC-DBCBFD6212D0}.Debug|Any CPU.ActiveCfg = Debug|Any CPU
		{D5C6E130-9221-4E15-9FBC-DBCBFD6212D0}.Debug|Any CPU.Build.0 = Debug|Any CPU
		{D5C6E130-9221-4E15-9FBC-DBCBFD6212D0}.Release|Any CPU.ActiveCfg = Release|Any CPU
		{D5C6E130-9221-4E15-9FBC-DBCBFD6212D0}.Release|Any CPU.Build.0 = Release|Any CPU
	EndGlobalSection
	GlobalSection(SolutionProperties) = preSolution
		HideSolutionNode = FALSE
	EndGlobalSection
	GlobalSection(ExtensibilityGlobals) = postSolution
		SolutionGuid = {2A8FE133-CB54-4470-87B6-03A07485A3D5}
	EndGlobalSection
EndGlobal
