
Microsoft Visual Studio Solution File, Format Version 12.00
# Visual Studio 15
VisualStudioVersion = 15.0.27703.2047
MinimumVisualStudioVersion = 10.0.40219.1
Project("{FAE04EC0-301F-11D3-BF4B-00C04F79EFBC}") = "CookingLib", "CookingLib\CookingLib.csproj", "{01552816-E4F0-4602-A467-B4011DDAA11F}"
EndProject
Project("{FAE04EC0-301F-11D3-BF4B-00C04F79EFBC}") = "CookingBook", "CookingBook\CookingBook.csproj", "{D5C6E130-9221-4E15-9FBC-DBCBFD6212D0}"
EndProject
Project("{FAE04EC0-301F-11D3-BF4B-00C04F79EFBC}") = "RecipeDecoder", "RecipeDecoder\RecipeDecoder.csproj", "{8185EACA-2CCD-4AB8-9906-5CB6925E2FE2}"
EndProject
Project("{FAE04EC0-301F-11D3-BF4B-00C04F79EFBC}") = "Reporter", "Reporter\Reporter.csproj", "{F6A7C81D-5712-4CF2-AD55-0D562965339C}"
EndProject
Global
	GlobalSection(SolutionConfigurationPlatforms) = preSolution
		Debug|Any CPU = Debug|Any CPU
		Debug|ARM = Debug|ARM
		Debug|iPhone = Debug|iPhone
		Debug|iPhoneSimulator = Debug|iPhoneSimulator
		Debug|x64 = Debug|x64
		Debug|x86 = Debug|x86
		Release|Any CPU = Release|Any CPU
		Release|ARM = Release|ARM
		Release|iPhone = Release|iPhone
		Release|iPhoneSimulator = Release|iPhoneSimulator
		Release|x64 = Release|x64
		Release|x86 = Release|x86
	EndGlobalSection
	GlobalSection(ProjectConfigurationPlatforms) = postSolution
		{01552816-E4F0-4602-A467-B4011DDAA11F}.Debug|Any CPU.ActiveCfg = Debug|Any CPU
		{01552816-E4F0-4602-A467-B4011DDAA11F}.Debug|Any CPU.Build.0 = Debug|Any CPU
		{01552816-E4F0-4602-A467-B4011DDAA11F}.Debug|ARM.ActiveCfg = Debug|Any CPU
		{01552816-E4F0-4602-A467-B4011DDAA11F}.Debug|ARM.Build.0 = Debug|Any CPU
		{01552816-E4F0-4602-A467-B4011DDAA11F}.Debug|iPhone.ActiveCfg = Debug|Any CPU
		{01552816-E4F0-4602-A467-B4011DDAA11F}.Debug|iPhone.Build.0 = Debug|Any CPU
		{01552816-E4F0-4602-A467-B4011DDAA11F}.Debug|iPhoneSimulator.ActiveCfg = Debug|Any CPU
		{01552816-E4F0-4602-A467-B4011DDAA11F}.Debug|iPhoneSimulator.Build.0 = Debug|Any CPU
		{01552816-E4F0-4602-A467-B4011DDAA11F}.Debug|x64.ActiveCfg = Debug|Any CPU
		{01552816-E4F0-4602-A467-B4011DDAA11F}.Debug|x64.Build.0 = Debug|Any CPU
		{01552816-E4F0-4602-A467-B4011DDAA11F}.Debug|x86.ActiveCfg = Debug|Any CPU
		{01552816-E4F0-4602-A467-B4011DDAA11F}.Debug|x86.Build.0 = Debug|Any CPU
		{01552816-E4F0-4602-A467-B4011DDAA11F}.Release|Any CPU.ActiveCfg = Release|Any CPU
		{01552816-E4F0-4602-A467-B4011DDAA11F}.Release|Any CPU.Build.0 = Release|Any CPU
		{01552816-E4F0-4602-A467-B4011DDAA11F}.Release|ARM.ActiveCfg = Release|Any CPU
		{01552816-E4F0-4602-A467-B4011DDAA11F}.Release|ARM.Build.0 = Release|Any CPU
		{01552816-E4F0-4602-A467-B4011DDAA11F}.Release|iPhone.ActiveCfg = Release|Any CPU
		{01552816-E4F0-4602-A467-B4011DDAA11F}.Release|iPhone.Build.0 = Release|Any CPU
		{01552816-E4F0-4602-A467-B4011DDAA11F}.Release|iPhoneSimulator.ActiveCfg = Release|Any CPU
		{01552816-E4F0-4602-A467-B4011DDAA11F}.Release|iPhoneSimulator.Build.0 = Release|Any CPU
		{01552816-E4F0-4602-A467-B4011DDAA11F}.Release|x64.ActiveCfg = Release|Any CPU
		{01552816-E4F0-4602-A467-B4011DDAA11F}.Release|x64.Build.0 = Release|Any CPU
		{01552816-E4F0-4602-A467-B4011DDAA11F}.Release|x86.ActiveCfg = Release|Any CPU
		{01552816-E4F0-4602-A467-B4011DDAA11F}.Release|x86.Build.0 = Release|Any CPU
		{D5C6E130-9221-4E15-9FBC-DBCBFD6212D0}.Debug|Any CPU.ActiveCfg = Debug|Any CPU
		{D5C6E130-9221-4E15-9FBC-DBCBFD6212D0}.Debug|Any CPU.Build.0 = Debug|Any CPU
		{D5C6E130-9221-4E15-9FBC-DBCBFD6212D0}.Debug|ARM.ActiveCfg = Debug|Any CPU
		{D5C6E130-9221-4E15-9FBC-DBCBFD6212D0}.Debug|ARM.Build.0 = Debug|Any CPU
		{D5C6E130-9221-4E15-9FBC-DBCBFD6212D0}.Debug|iPhone.ActiveCfg = Debug|Any CPU
		{D5C6E130-9221-4E15-9FBC-DBCBFD6212D0}.Debug|iPhone.Build.0 = Debug|Any CPU
		{D5C6E130-9221-4E15-9FBC-DBCBFD6212D0}.Debug|iPhoneSimulator.ActiveCfg = Debug|Any CPU
		{D5C6E130-9221-4E15-9FBC-DBCBFD6212D0}.Debug|iPhoneSimulator.Build.0 = Debug|Any CPU
		{D5C6E130-9221-4E15-9FBC-DBCBFD6212D0}.Debug|x64.ActiveCfg = Debug|Any CPU
		{D5C6E130-9221-4E15-9FBC-DBCBFD6212D0}.Debug|x64.Build.0 = Debug|Any CPU
		{D5C6E130-9221-4E15-9FBC-DBCBFD6212D0}.Debug|x86.ActiveCfg = Debug|Any CPU
		{D5C6E130-9221-4E15-9FBC-DBCBFD6212D0}.Debug|x86.Build.0 = Debug|Any CPU
		{D5C6E130-9221-4E15-9FBC-DBCBFD6212D0}.Release|Any CPU.ActiveCfg = Release|Any CPU
		{D5C6E130-9221-4E15-9FBC-DBCBFD6212D0}.Release|Any CPU.Build.0 = Release|Any CPU
		{D5C6E130-9221-4E15-9FBC-DBCBFD6212D0}.Release|ARM.ActiveCfg = Release|Any CPU
		{D5C6E130-9221-4E15-9FBC-DBCBFD6212D0}.Release|ARM.Build.0 = Release|Any CPU
		{D5C6E130-9221-4E15-9FBC-DBCBFD6212D0}.Release|iPhone.ActiveCfg = Release|Any CPU
		{D5C6E130-9221-4E15-9FBC-DBCBFD6212D0}.Release|iPhone.Build.0 = Release|Any CPU
		{D5C6E130-9221-4E15-9FBC-DBCBFD6212D0}.Release|iPhoneSimulator.ActiveCfg = Release|Any CPU
		{D5C6E130-9221-4E15-9FBC-DBCBFD6212D0}.Release|iPhoneSimulator.Build.0 = Release|Any CPU
		{D5C6E130-9221-4E15-9FBC-DBCBFD6212D0}.Release|x64.ActiveCfg = Release|Any CPU
		{D5C6E130-9221-4E15-9FBC-DBCBFD6212D0}.Release|x64.Build.0 = Release|Any CPU
		{D5C6E130-9221-4E15-9FBC-DBCBFD6212D0}.Release|x86.ActiveCfg = Release|Any CPU
		{D5C6E130-9221-4E15-9FBC-DBCBFD6212D0}.Release|x86.Build.0 = Release|Any CPU
		{8185EACA-2CCD-4AB8-9906-5CB6925E2FE2}.Debug|Any CPU.ActiveCfg = Debug|Any CPU
		{8185EACA-2CCD-4AB8-9906-5CB6925E2FE2}.Debug|Any CPU.Build.0 = Debug|Any CPU
		{8185EACA-2CCD-4AB8-9906-5CB6925E2FE2}.Debug|ARM.ActiveCfg = Debug|Any CPU
		{8185EACA-2CCD-4AB8-9906-5CB6925E2FE2}.Debug|ARM.Build.0 = Debug|Any CPU
		{8185EACA-2CCD-4AB8-9906-5CB6925E2FE2}.Debug|iPhone.ActiveCfg = Debug|Any CPU
		{8185EACA-2CCD-4AB8-9906-5CB6925E2FE2}.Debug|iPhone.Build.0 = Debug|Any CPU
		{8185EACA-2CCD-4AB8-9906-5CB6925E2FE2}.Debug|iPhoneSimulator.ActiveCfg = Debug|Any CPU
		{8185EACA-2CCD-4AB8-9906-5CB6925E2FE2}.Debug|iPhoneSimulator.Build.0 = Debug|Any CPU
		{8185EACA-2CCD-4AB8-9906-5CB6925E2FE2}.Debug|x64.ActiveCfg = Debug|Any CPU
		{8185EACA-2CCD-4AB8-9906-5CB6925E2FE2}.Debug|x64.Build.0 = Debug|Any CPU
		{8185EACA-2CCD-4AB8-9906-5CB6925E2FE2}.Debug|x86.ActiveCfg = Debug|Any CPU
		{8185EACA-2CCD-4AB8-9906-5CB6925E2FE2}.Debug|x86.Build.0 = Debug|Any CPU
		{8185EACA-2CCD-4AB8-9906-5CB6925E2FE2}.Release|Any CPU.ActiveCfg = Release|Any CPU
		{8185EACA-2CCD-4AB8-9906-5CB6925E2FE2}.Release|Any CPU.Build.0 = Release|Any CPU
		{8185EACA-2CCD-4AB8-9906-5CB6925E2FE2}.Release|ARM.ActiveCfg = Release|Any CPU
		{8185EACA-2CCD-4AB8-9906-5CB6925E2FE2}.Release|ARM.Build.0 = Release|Any CPU
		{8185EACA-2CCD-4AB8-9906-5CB6925E2FE2}.Release|iPhone.ActiveCfg = Release|Any CPU
		{8185EACA-2CCD-4AB8-9906-5CB6925E2FE2}.Release|iPhone.Build.0 = Release|Any CPU
		{8185EACA-2CCD-4AB8-9906-5CB6925E2FE2}.Release|iPhoneSimulator.ActiveCfg = Release|Any CPU
		{8185EACA-2CCD-4AB8-9906-5CB6925E2FE2}.Release|iPhoneSimulator.Build.0 = Release|Any CPU
		{8185EACA-2CCD-4AB8-9906-5CB6925E2FE2}.Release|x64.ActiveCfg = Release|Any CPU
		{8185EACA-2CCD-4AB8-9906-5CB6925E2FE2}.Release|x64.Build.0 = Release|Any CPU
		{8185EACA-2CCD-4AB8-9906-5CB6925E2FE2}.Release|x86.ActiveCfg = Release|Any CPU
		{8185EACA-2CCD-4AB8-9906-5CB6925E2FE2}.Release|x86.Build.0 = Release|Any CPU
		{F6A7C81D-5712-4CF2-AD55-0D562965339C}.Debug|Any CPU.ActiveCfg = Debug|Any CPU
		{F6A7C81D-5712-4CF2-AD55-0D562965339C}.Debug|Any CPU.Build.0 = Debug|Any CPU
		{F6A7C81D-5712-4CF2-AD55-0D562965339C}.Debug|ARM.ActiveCfg = Debug|Any CPU
		{F6A7C81D-5712-4CF2-AD55-0D562965339C}.Debug|ARM.Build.0 = Debug|Any CPU
		{F6A7C81D-5712-4CF2-AD55-0D562965339C}.Debug|iPhone.ActiveCfg = Debug|Any CPU
		{F6A7C81D-5712-4CF2-AD55-0D562965339C}.Debug|iPhone.Build.0 = Debug|Any CPU
		{F6A7C81D-5712-4CF2-AD55-0D562965339C}.Debug|iPhoneSimulator.ActiveCfg = Debug|Any CPU
		{F6A7C81D-5712-4CF2-AD55-0D562965339C}.Debug|iPhoneSimulator.Build.0 = Debug|Any CPU
		{F6A7C81D-5712-4CF2-AD55-0D562965339C}.Debug|x64.ActiveCfg = Debug|Any CPU
		{F6A7C81D-5712-4CF2-AD55-0D562965339C}.Debug|x64.Build.0 = Debug|Any CPU
		{F6A7C81D-5712-4CF2-AD55-0D562965339C}.Debug|x86.ActiveCfg = Debug|Any CPU
		{F6A7C81D-5712-4CF2-AD55-0D562965339C}.Debug|x86.Build.0 = Debug|Any CPU
		{F6A7C81D-5712-4CF2-AD55-0D562965339C}.Release|Any CPU.ActiveCfg = Release|Any CPU
		{F6A7C81D-5712-4CF2-AD55-0D562965339C}.Release|Any CPU.Build.0 = Release|Any CPU
		{F6A7C81D-5712-4CF2-AD55-0D562965339C}.Release|ARM.ActiveCfg = Release|Any CPU
		{F6A7C81D-5712-4CF2-AD55-0D562965339C}.Release|ARM.Build.0 = Release|Any CPU
		{F6A7C81D-5712-4CF2-AD55-0D562965339C}.Release|iPhone.ActiveCfg = Release|Any CPU
		{F6A7C81D-5712-4CF2-AD55-0D562965339C}.Release|iPhone.Build.0 = Release|Any CPU
		{F6A7C81D-5712-4CF2-AD55-0D562965339C}.Release|iPhoneSimulator.ActiveCfg = Release|Any CPU
		{F6A7C81D-5712-4CF2-AD55-0D562965339C}.Release|iPhoneSimulator.Build.0 = Release|Any CPU
		{F6A7C81D-5712-4CF2-AD55-0D562965339C}.Release|x64.ActiveCfg = Release|Any CPU
		{F6A7C81D-5712-4CF2-AD55-0D562965339C}.Release|x64.Build.0 = Release|Any CPU
		{F6A7C81D-5712-4CF2-AD55-0D562965339C}.Release|x86.ActiveCfg = Release|Any CPU
		{F6A7C81D-5712-4CF2-AD55-0D562965339C}.Release|x86.Build.0 = Release|Any CPU
	EndGlobalSection
	GlobalSection(SolutionProperties) = preSolution
		HideSolutionNode = FALSE
	EndGlobalSection
	GlobalSection(ExtensibilityGlobals) = postSolution
		SolutionGuid = {2A8FE133-CB54-4470-87B6-03A07485A3D5}
	EndGlobalSection
EndGlobal
